
Microsoft Visual Studio Solution File, Format Version 12.00
# Visual Studio Version 17
VisualStudioVersion = 17.11.35222.181
MinimumVisualStudioVersion = 10.0.40219.1
Project("{FAE04EC0-301F-11D3-BF4B-00C04F79EFBC}") = "MTKDatabase", "MTKDatabase\MTKDatabase.csproj", "{8B7D1913-DF03-4695-B169-8C44698927CF}"
EndProject
Global
	GlobalSection(SolutionConfigurationPlatforms) = preSolution
		Debug|Any CPU = Debug|Any CPU
		Release|Any CPU = Release|Any CPU
	EndGlobalSection
	GlobalSection(ProjectConfigurationPlatforms) = postSolution
		{8B7D1913-DF03-4695-B169-8C44698927CF}.Debug|Any CPU.ActiveCfg = Debug|Any CPU
		{8B7D1913-DF03-4695-B169-8C44698927CF}.Debug|Any CPU.Build.0 = Debug|Any CPU
		{8B7D1913-DF03-4695-B169-8C44698927CF}.Release|Any CPU.ActiveCfg = Release|Any CPU
		{8B7D1913-DF03-4695-B169-8C44698927CF}.Release|Any CPU.Build.0 = Release|Any CPU
	EndGlobalSection
	GlobalSection(SolutionProperties) = preSolution
		HideSolutionNode = FALSE
	EndGlobalSection
	GlobalSection(ExtensibilityGlobals) = postSolution
		SolutionGuid = {B9177BDA-0C73-4FBA-AA42-BE14C308F4A4}
	EndGlobalSection
EndGlobal
